
Microsoft Visual Studio Solution File, Format Version 12.00
# Visual Studio Version 17
VisualStudioVersion = 17.9.34714.143
MinimumVisualStudioVersion = 10.0.40219.1
Project("{FAE04EC0-301F-11D3-BF4B-00C04F79EFBC}") = "SimpleTaskManager.WebApi", "SimpleTaskManager.WebApi\SimpleTaskManager.WebApi.csproj", "{93DDB54D-DA3B-4311-8187-24A3845C70D1}"
EndProject
Project("{FAE04EC0-301F-11D3-BF4B-00C04F79EFBC}") = "SimpleTaskManager.BLL", "SimpleTaskManager.BLL\SimpleTaskManager.BLL.csproj", "{4BC9DA07-D8FB-429C-9F55-BB86F19AFEB8}"
EndProject
Project("{FAE04EC0-301F-11D3-BF4B-00C04F79EFBC}") = "SimpleTaskManager.DAL", "SimpleTaskManager.DAL\SimpleTaskManager.DAL.csproj", "{489AA4BE-6D50-4EF3-B562-F35ADD7A02A2}"
EndProject
Global
	GlobalSection(SolutionConfigurationPlatforms) = preSolution
		Debug|Any CPU = Debug|Any CPU
		Release|Any CPU = Release|Any CPU
	EndGlobalSection
	GlobalSection(ProjectConfigurationPlatforms) = postSolution
		{93DDB54D-DA3B-4311-8187-24A3845C70D1}.Debug|Any CPU.ActiveCfg = Debug|Any CPU
		{93DDB54D-DA3B-4311-8187-24A3845C70D1}.Debug|Any CPU.Build.0 = Debug|Any CPU
		{93DDB54D-DA3B-4311-8187-24A3845C70D1}.Release|Any CPU.ActiveCfg = Release|Any CPU
		{93DDB54D-DA3B-4311-8187-24A3845C70D1}.Release|Any CPU.Build.0 = Release|Any CPU
		{4BC9DA07-D8FB-429C-9F55-BB86F19AFEB8}.Debug|Any CPU.ActiveCfg = Debug|Any CPU
		{4BC9DA07-D8FB-429C-9F55-BB86F19AFEB8}.Debug|Any CPU.Build.0 = Debug|Any CPU
		{4BC9DA07-D8FB-429C-9F55-BB86F19AFEB8}.Release|Any CPU.ActiveCfg = Release|Any CPU
		{4BC9DA07-D8FB-429C-9F55-BB86F19AFEB8}.Release|Any CPU.Build.0 = Release|Any CPU
		{489AA4BE-6D50-4EF3-B562-F35ADD7A02A2}.Debug|Any CPU.ActiveCfg = Debug|Any CPU
		{489AA4BE-6D50-4EF3-B562-F35ADD7A02A2}.Debug|Any CPU.Build.0 = Debug|Any CPU
		{489AA4BE-6D50-4EF3-B562-F35ADD7A02A2}.Release|Any CPU.ActiveCfg = Release|Any CPU
		{489AA4BE-6D50-4EF3-B562-F35ADD7A02A2}.Release|Any CPU.Build.0 = Release|Any CPU
	EndGlobalSection
	GlobalSection(SolutionProperties) = preSolution
		HideSolutionNode = FALSE
	EndGlobalSection
	GlobalSection(ExtensibilityGlobals) = postSolution
		SolutionGuid = {05ACA253-5F01-4192-99A2-A63C77CD4A21}
	EndGlobalSection
EndGlobal
